<?xml version="1.0" encoding="UTF-8" standalone="yes" ?>
<CodeBlocks_project_file>
	<FileVersion major="1" minor="6" />
	<Project>
		<Option title="SFML_pixels" />
		<Option pch_mode="2" />
		<Option compiler="gcc" />
		<Build>
			<Target title="Debug">
				<Option output="bin/Debug/SFML_pixels" prefix_auto="1" extension_auto="1" />
				<Option object_output="obj/Debug/" />
				<Option type="1" />
				<Option compiler="gcc" />
				<Compiler>
					<Add option="-g" />
				</Compiler>
				<Linker>
					<Add library="sfml-graphics-d" />
					<Add library="sfml-window-d" />
					<Add library="sfml-system-d" />
				</Linker>
			</Target>
			<Target title="Release">
				<Option output="bin/Release/SFML_pixels" prefix_auto="1" extension_auto="1" />
				<Option object_output="obj/Release/" />
				<Option type="1" />
				<Option compiler="gcc" />
				<Compiler>
					<Add option="-O2" />
				</Compiler>
				<Linker>
					<Add option="-s" />
					<Add library="sfml-graphics" />
					<Add library="sfml-window" />
					<Add library="sfml-system" />
				</Linker>
			</Target>
		</Build>
		<Compiler>
			<Add option="-Wall" />
			<Add directory="G:/Friso/SFML gcc/SFML-2.4.2/include" />
		</Compiler>
		<Linker>
			<Add directory="G:/Friso/SFML gcc/SFML-2.4.2/lib" />
		</Linker>
		<Unit filename="bin/Debug/openal32.dll">
			<Option target="Debug" />
		</Unit>
		<Unit filename="bin/Debug/sfml-audio-2.dll">
			<Option target="Debug" />
		</Unit>
		<Unit filename="bin/Debug/sfml-audio-d-2.dll">
			<Option target="Debug" />
		</Unit>
		<Unit filename="bin/Debug/sfml-graphics-2.dll">
			<Option target="Debug" />
		</Unit>
		<Unit filename="bin/Debug/sfml-graphics-d-2.dll">
			<Option target="Debug" />
		</Unit>
		<Unit filename="bin/Debug/sfml-network-2.dll">
			<Option target="Debug" />
		</Unit>
		<Unit filename="bin/Debug/sfml-network-d-2.dll">
			<Option target="Debug" />
		</Unit>
		<Unit filename="bin/Debug/sfml-system-2.dll">
			<Option target="Debug" />
		</Unit>
		<Unit filename="bin/Debug/sfml-system-d-2.dll">
			<Option target="Debug" />
		</Unit>
		<Unit filename="bin/Debug/sfml-window-2.dll">
			<Option target="Debug" />
		</Unit>
		<Unit filename="bin/Debug/sfml-window-d-2.dll">
			<Option target="Debug" />
		</Unit>
		<Unit filename="bin/Release/openal32.dll">
			<Option target="Release" />
		</Unit>
		<Unit filename="bin/Release/sfml-audio-2.dll">
			<Option target="Release" />
		</Unit>
		<Unit filename="bin/Release/sfml-audio-d-2.dll">
			<Option target="Release" />
		</Unit>
		<Unit filename="bin/Release/sfml-graphics-2.dll">
			<Option target="Release" />
		</Unit>
		<Unit filename="bin/Release/sfml-graphics-d-2.dll">
			<Option target="Release" />
		</Unit>
		<Unit filename="bin/Release/sfml-network-2.dll">
			<Option target="Release" />
		</Unit>
		<Unit filename="bin/Release/sfml-network-d-2.dll">
			<Option target="Release" />
		</Unit>
		<Unit filename="bin/Release/sfml-system-2.dll">
			<Option target="Release" />
		</Unit>
		<Unit filename="bin/Release/sfml-system-d-2.dll">
			<Option target="Release" />
		</Unit>
		<Unit filename="bin/Release/sfml-window-2.dll">
			<Option target="Release" />
		</Unit>
		<Unit filename="bin/Release/sfml-window-d-2.dll">
			<Option target="Release" />
		</Unit>
		<Unit filename="source.cpp" />
		<Extensions>
			<code_completion />
			<envvars />
			<debugger />
		</Extensions>
	</Project>
</CodeBlocks_project_file>
